{
  "requires": true,
  "lockfileVersion": 1,
  "dependencies": {
    "csv-parse": {
      "version": "4.14.2",
      "resolved": "https://registry.npmjs.org/csv-parse/-/csv-parse-4.14.2.tgz",
      "integrity": "sha512-YE2xlTKtM035/94llhgsp9qFQxGi47EkQJ1pZ+mLT/98GpIsbjkMGAb7Rmu9hNxVfYFOLf10hP+rPVqnoccLgw=="
    }
  }
}
